
Microsoft Visual Studio Solution File, Format Version 11.00
# Visual Studio 2010
Project("{FAE04EC0-301F-11D3-BF4B-00C04F79EFBC}") = "Example 17-6", "Example 17-6\Example 17-6.csproj", "{60982156-EEA3-488F-86A2-3387CADA0287}"
EndProject
Global
	GlobalSection(SolutionConfigurationPlatforms) = preSolution
		Debug|x86 = Debug|x86
		Release|x86 = Release|x86
	EndGlobalSection
	GlobalSection(ProjectConfigurationPlatforms) = postSolution
		{60982156-EEA3-488F-86A2-3387CADA0287}.Debug|x86.ActiveCfg = Debug|x86
		{60982156-EEA3-488F-86A2-3387CADA0287}.Debug|x86.Build.0 = Debug|x86
		{60982156-EEA3-488F-86A2-3387CADA0287}.Release|x86.ActiveCfg = Release|x86
		{60982156-EEA3-488F-86A2-3387CADA0287}.Release|x86.Build.0 = Release|x86
	EndGlobalSection
	GlobalSection(SolutionProperties) = preSolution
		HideSolutionNode = FALSE
	EndGlobalSection
EndGlobal
